{
  "name": "crossover-portal",
  "version": "0.1.0",
  "lockfileVersion": 1,
  "requires": true,
  "dependencies": {
    "react-stars": {
      "version": "2.2.3",
      "resolved": "https://registry.npmjs.org/react-stars/-/react-stars-2.2.3.tgz",
      "integrity": "sha1-evfpMJeEdrqmykw+DVSEPle1sMU="
    }
  }
}
